
Microsoft Visual Studio Solution File, Format Version 12.00
# Visual Studio 15
VisualStudioVersion = 15.0.27130.2026
MinimumVisualStudioVersion = 10.0.40219.1
Project("{FAE04EC0-301F-11D3-BF4B-00C04F79EFBC}") = "Drawing Fractals", "Drawing Fractals\Drawing Fractals.csproj", "{E627B7AA-1AB6-4647-971E-3B2A6CA6978A}"
EndProject
Global
	GlobalSection(SolutionConfigurationPlatforms) = preSolution
		Debug|Any CPU = Debug|Any CPU
		Release|Any CPU = Release|Any CPU
	EndGlobalSection
	GlobalSection(ProjectConfigurationPlatforms) = postSolution
		{E627B7AA-1AB6-4647-971E-3B2A6CA6978A}.Debug|Any CPU.ActiveCfg = Debug|Any CPU
		{E627B7AA-1AB6-4647-971E-3B2A6CA6978A}.Debug|Any CPU.Build.0 = Debug|Any CPU
		{E627B7AA-1AB6-4647-971E-3B2A6CA6978A}.Release|Any CPU.ActiveCfg = Release|Any CPU
		{E627B7AA-1AB6-4647-971E-3B2A6CA6978A}.Release|Any CPU.Build.0 = Release|Any CPU
	EndGlobalSection
	GlobalSection(SolutionProperties) = preSolution
		HideSolutionNode = FALSE
	EndGlobalSection
	GlobalSection(ExtensibilityGlobals) = postSolution
		SolutionGuid = {E737A4B2-EF71-4E62-8246-A85BD02C5844}
	EndGlobalSection
EndGlobal
